{
  "name": "@safenv/reducers",
  "version": "0.2.2",
  "lockfileVersion": 1,
  "requires": true,
  "dependencies": {
    "@safenv/di": {
      "version": "0.3.2",
      "resolved": "https://registry.npmjs.org/@safenv/di/-/di-0.3.2.tgz",
      "integrity": "sha512-6LBBeqT+0ivBLM16uXBee6zWwGYEH3IHEGBO0yBPMyjfDf3aLU1hMq0PHjFzkVpnToWSz5IpL3kp3fdlh9ydZA=="
    }
  }
}
