{
  "name": "@safenv/fetch",
  "version": "1.3.2",
  "lockfileVersion": 1,
  "requires": true,
  "dependencies": {
    "deepmerge": {
      "version": "3.0.0",
      "resolved": "https://registry.npmjs.org/deepmerge/-/deepmerge-3.0.0.tgz",
      "integrity": "sha512-a8z8bkgHsAML+uHLqmMS83HHlpy3PvZOOuiTQqaa3wu8ZVg3h0hqHk6aCsGdOnZV2XMM/FRimNGjUh0KCcmHBw=="
    },
    "is-plain-object": {
      "version": "2.0.4",
      "resolved": "https://registry.npmjs.org/is-plain-object/-/is-plain-object-2.0.4.tgz",
      "integrity": "sha512-h5PpgXkWitc38BBMYawTYMWJHFZJVnBquFE57xFpjB8pJFiF6gZ+bU+WyI/yqXiFR5mdLsgYNaPe8uao6Uv9Og==",
      "requires": {
        "isobject": "^3.0.1"
      }
    },
    "isobject": {
      "version": "3.0.1",
      "resolved": "https://registry.npmjs.org/isobject/-/isobject-3.0.1.tgz",
      "integrity": "sha1-TkMekrEalzFjaqH5yNHMvP2reN8="
    }
  }
}
