{
  "name": "@safenv/selectors",
  "version": "1.3.2",
  "lockfileVersion": 1,
  "requires": true,
  "dependencies": {
    "re-reselect": {
      "version": "2.3.0",
      "resolved": "https://registry.npmjs.org/re-reselect/-/re-reselect-2.3.0.tgz",
      "integrity": "sha512-B3j54+0QyvAWGioJxeaq8BJ7XdwSuiyglbHgnWk6v5GpYJDlA8JvsGXixFOXF7txnEm3QuaCQ0LP1gUKR6Tc9w==",
      "dev": true
    },
    "reselect": {
      "version": "4.0.0",
      "resolved": "https://registry.npmjs.org/reselect/-/reselect-4.0.0.tgz",
      "integrity": "sha512-qUgANli03jjAyGlnbYVAV5vvnOmJnODyABz51RdBN7M4WaVu8mecZWgyQNkG8Yqe3KRGRt0l4K4B3XVEULC4CA==",
      "dev": true
    }
  }
}
