{
  "name": "@safenv/actions",
  "version": "0.3.2",
  "lockfileVersion": 1,
  "requires": true,
  "dependencies": {
    "@safenv/fetch": {
      "version": "0.2.0",
      "resolved": "https://registry.npmjs.org/@safenv/fetch/-/fetch-0.2.0.tgz",
      "integrity": "sha512-IsbVbRj1MMk7shkUHgJQYiCRXInPX8M+/Be6a7BTRkeNyIfMIVA1zO1ImtZSJ3yRFJD20sjHUaNGVqLnJsaPFg==",
      "requires": {
        "deepmerge": "^3.0.0"
      }
    },
    "deepmerge": {
      "version": "3.0.0",
      "resolved": "https://registry.npmjs.org/deepmerge/-/deepmerge-3.0.0.tgz",
      "integrity": "sha512-a8z8bkgHsAML+uHLqmMS83HHlpy3PvZOOuiTQqaa3wu8ZVg3h0hqHk6aCsGdOnZV2XMM/FRimNGjUh0KCcmHBw=="
    }
  }
}
