{
  "name": "@safenv/actions",
  "version": "0.2.4",
  "lockfileVersion": 1,
  "requires": true,
  "dependencies": {
    "@safenv/fetch": {
      "version": "0.1.1",
      "resolved": "https://registry.npmjs.org/@safenv/fetch/-/fetch-0.1.1.tgz",
      "integrity": "sha512-IhbrSgSD+db0z4wg7Y10joouvGjYcLif2bOXVZJoE7t/olXNSoWB5R/AjSnRZFrKFx4vmhqgPJLIuh+C4OyZxQ=="
    }
  }
}
