{
  "name": "@safenv/factory",
  "version": "0.1.0",
  "lockfileVersion": 1,
  "requires": true,
  "dependencies": {
    "@safenv/actions": {
      "version": "0.2.8",
      "resolved": "https://registry.npmjs.org/@safenv/actions/-/actions-0.2.8.tgz",
      "integrity": "sha512-gJhi7iy/KguKoB9vnReh9CwSKpA0Z6sFdkXRHdOYipQ2ZBJ+8/PiI/5CmqxrnGrzf/pil/MHmI412EIjArysEg==",
      "dev": true,
      "requires": {
        "@safenv/fetch": "0.1.1"
      }
    },
    "@safenv/di": {
      "version": "0.3.2",
      "resolved": "https://registry.npmjs.org/@safenv/di/-/di-0.3.2.tgz",
      "integrity": "sha512-6LBBeqT+0ivBLM16uXBee6zWwGYEH3IHEGBO0yBPMyjfDf3aLU1hMq0PHjFzkVpnToWSz5IpL3kp3fdlh9ydZA==",
      "dev": true
    },
    "@safenv/fetch": {
      "version": "0.1.1",
      "resolved": "https://registry.npmjs.org/@safenv/fetch/-/fetch-0.1.1.tgz",
      "integrity": "sha512-IhbrSgSD+db0z4wg7Y10joouvGjYcLif2bOXVZJoE7t/olXNSoWB5R/AjSnRZFrKFx4vmhqgPJLIuh+C4OyZxQ==",
      "dev": true
    },
    "@safenv/inject": {
      "version": "0.3.2",
      "resolved": "https://registry.npmjs.org/@safenv/inject/-/inject-0.3.2.tgz",
      "integrity": "sha512-hzfK9GjAnPs3RX+nzzlLRcCKAfzFhXPv7/4XTWk30VFnlxiVCnRfvRwWAt5+m1MJV9B1B4fNZbTE5uxKQN7MhQ==",
      "dev": true,
      "requires": {
        "@safenv/di": "^0.3.2"
      }
    },
    "@safenv/reducers": {
      "version": "0.2.2",
      "resolved": "https://registry.npmjs.org/@safenv/reducers/-/reducers-0.2.2.tgz",
      "integrity": "sha512-U/cZHhpPJ1nEuTqh7V5BQ7JtMj/HtCBfC1VuRMpGStRiJ+CuB/qmBEJfSDJsn1siPn/rD99CHWVFYTFfvjWUuw==",
      "dev": true,
      "requires": {
        "@safenv/di": "^0.3.2"
      }
    }
  }
}
